{
  "version": 4,
  "terraform_version": "1.10.2",
  "serial": 27,
  "lineage": "4b70f3c0-db63-36b4-66f0-15d04b804470",
  "outputs": {
    "db_vm_ids": {
      "value": [
        "/subscriptions/e6785bee-d87a-4b37-b531-8716d5040959/resourceGroups/Resourcegroup/providers/Microsoft.Compute/virtualMachines/Database-0",
        "/subscriptions/e6785bee-d87a-4b37-b531-8716d5040959/resourceGroups/Resourcegroup/providers/Microsoft.Compute/virtualMachines/Database-1"
      ],
      "type": [
        "tuple",
        [
          "string",
          "string"
        ]
      ]
    },
    "debug_storage_account_name": {
      "value": "blobwebblobbertest2222",
      "type": "string"
    },
    "installurl": {
      "value": "blobwebblobbertest2222",
      "type": "string"
    },
    "loadbalancer_id": {
      "value": "/subscriptions/e6785bee-d87a-4b37-b531-8716d5040959/resourceGroups/Resourcegroup/providers/Microsoft.Network/loadBalancers/db-loadbalancer",
      "type": "string"
    },
    "web_vm_public_ip": {
      "value": "51.13.181.86",
      "type": "string"
    }
  },
  "resources": [
    {
      "mode": "data",
      "type": "azurerm_client_config",
      "name": "current",
      "provider": "provider[\"registry.terraform.io/hashicorp/azurerm\"]",
      "instances": [
        {
          "schema_version": 0,
          "attributes": {
            "client_id": "04b07795-8ddb-461a-bbee-02f9e1bf7b46",
            "id": "2024-12-18 12:08:31.6839663 +0000 UTC",
            "object_id": "",
            "subscription_id": "e6785bee-d87a-4b37-b531-8716d5040959",
            "tenant_id": "1b6bba49-6f35-4d82-9fca-4827d417cd3e",
            "timeouts": null
          },
          "sensitive_attributes": []
        }
      ]
    },
    {
      "mode": "managed",
      "type": "azurerm_resource_group",
      "name": "main",
      "provider": "provider[\"registry.terraform.io/hashicorp/azurerm\"]",
      "instances": [
        {
          "schema_version": 0,
          "attributes": {
            "id": "/subscriptions/e6785bee-d87a-4b37-b531-8716d5040959/resourceGroups/Resourcegroup",
            "location": "norwayeast",
            "name": "Resourcegroup",
            "tags": null,
            "timeouts": null
          },
          "sensitive_attributes": [],
          "private": "eyJlMmJmYjczMC1lY2FhLTExZTYtOGY4OC0zNDM2M2JjN2M0YzAiOnsiY3JlYXRlIjo1NDAwMDAwMDAwMDAwLCJkZWxldGUiOjU0MDAwMDAwMDAwMDAsInJlYWQiOjMwMDAwMDAwMDAwMCwidXBkYXRlIjo1NDAwMDAwMDAwMDAwfX0="
        }
      ]
    },
    {
      "mode": "managed",
      "type": "time_sleep",
      "name": "wait_for_rg",
      "provider": "provider[\"registry.terraform.io/hashicorp/time\"]",
      "instances": [
        {
          "schema_version": 0,
          "attributes": {
            "create_duration": "10s",
            "destroy_duration": null,
            "id": "2024-12-18T12:09:34Z",
            "triggers": null
          },
          "sensitive_attributes": [],
          "dependencies": [
            "azurerm_resource_group.main"
          ]
        }
      ]
    },
    {
      "module": "module.Database[0]",
      "mode": "managed",
      "type": "azurerm_linux_virtual_machine",
      "name": "main",
      "provider": "provider[\"registry.terraform.io/hashicorp/azurerm\"]",
      "instances": [
        {
          "schema_version": 0,
          "attributes": {
            "additional_capabilities": [],
            "admin_password": "HolyDuck45",
            "admin_ssh_key": [],
            "admin_username": "ProjectAdmin",
            "allow_extension_operations": true,
            "availability_set_id": "",
            "boot_diagnostics": [],
            "computer_name": "Database-0",
            "custom_data": null,
            "dedicated_host_group_id": "",
            "dedicated_host_id": "",
            "disable_password_authentication": false,
            "encryption_at_host_enabled": false,
            "eviction_policy": "",
            "extensions_time_budget": "PT1H30M",
            "id": "/subscriptions/e6785bee-d87a-4b37-b531-8716d5040959/resourceGroups/Resourcegroup/providers/Microsoft.Compute/virtualMachines/Database-0",
            "identity": [],
            "license_type": "",
            "location": "norwayeast",
            "max_bid_price": -1,
            "name": "Database-0",
            "network_interface_ids": [
              "/subscriptions/e6785bee-d87a-4b37-b531-8716d5040959/resourceGroups/Resourcegroup/providers/Microsoft.Network/networkInterfaces/Database-0-nic"
            ],
            "os_disk": [
              {
                "caching": "ReadWrite",
                "diff_disk_settings": [],
                "disk_encryption_set_id": "",
                "disk_size_gb": 30,
                "name": "Database-0_disk1_00d11bbf6f2f4edd92ac5b80823f1039",
                "storage_account_type": "Standard_LRS",
                "write_accelerator_enabled": false
              }
            ],
            "patch_mode": "ImageDefault",
            "plan": [],
            "platform_fault_domain": -1,
            "priority": "Regular",
            "private_ip_address": "10.0.1.6",
            "private_ip_addresses": [
              "10.0.1.6"
            ],
            "provision_vm_agent": true,
            "proximity_placement_group_id": "",
            "public_ip_address": "",
            "public_ip_addresses": [],
            "resource_group_name": "Resourcegroup",
            "secret": [],
            "secure_boot_enabled": false,
            "size": "Standard_DS1_v2",
            "source_image_id": "",
            "source_image_reference": [
              {
                "offer": "debian-12",
                "publisher": "Debian",
                "sku": "12",
                "version": "latest"
              }
            ],
            "tags": null,
            "timeouts": null,
            "user_data": "",
            "virtual_machine_id": "4a8314e0-cabc-4671-aea5-c2a685f0fe14",
            "virtual_machine_scale_set_id": "",
            "vtpm_enabled": false,
            "zone": ""
          },
          "sensitive_attributes": [
            [
              {
                "type": "get_attr",
                "value": "custom_data"
              }
            ],
            [
              {
                "type": "get_attr",
                "value": "admin_password"
              }
            ]
          ],
          "private": "eyJlMmJmYjczMC1lY2FhLTExZTYtOGY4OC0zNDM2M2JjN2M0YzAiOnsiY3JlYXRlIjoyNzAwMDAwMDAwMDAwLCJkZWxldGUiOjI3MDAwMDAwMDAwMDAsInJlYWQiOjMwMDAwMDAwMDAwMCwidXBkYXRlIjoyNzAwMDAwMDAwMDAwfX0=",
          "dependencies": [
            "azurerm_resource_group.main",
            "module.Database.azurerm_network_interface.main",
            "module.Database.azurerm_public_ip.main",
            "module.Network.azurerm_subnet.subnet",
            "module.Network.azurerm_virtual_network.main",
            "module.db_install.azurerm_storage_account.mariadb",
            "module.db_install.azurerm_storage_blob.ansible_playbook",
            "module.db_install.azurerm_storage_blob.install_script",
            "module.db_install.azurerm_storage_container.install",
            "module.db_install.azurerm_storage_container.play",
            "time_sleep.wait_for_rg"
          ]
        }
      ]
    },
    {
      "module": "module.Database[0]",
      "mode": "managed",
      "type": "azurerm_network_interface",
      "name": "main",
      "provider": "provider[\"registry.terraform.io/hashicorp/azurerm\"]",
      "instances": [
        {
          "schema_version": 0,
          "attributes": {
            "applied_dns_servers": [],
            "dns_servers": [],
            "enable_accelerated_networking": false,
            "enable_ip_forwarding": false,
            "id": "/subscriptions/e6785bee-d87a-4b37-b531-8716d5040959/resourceGroups/Resourcegroup/providers/Microsoft.Network/networkInterfaces/Database-0-nic",
            "internal_dns_name_label": "",
            "internal_domain_name_suffix": "wpd3mfyilyxedmhyuog3dbvpzg.oslx.internal.cloudapp.net",
            "ip_configuration": [
              {
                "gateway_load_balancer_frontend_ip_configuration_id": "",
                "name": "internal",
                "primary": true,
                "private_ip_address": "10.0.1.6",
                "private_ip_address_allocation": "Dynamic",
                "private_ip_address_version": "IPv4",
                "public_ip_address_id": "",
                "subnet_id": "/subscriptions/e6785bee-d87a-4b37-b531-8716d5040959/resourceGroups/Resourcegroup/providers/Microsoft.Network/virtualNetworks/myVNet/subnets/subnet01"
              }
            ],
            "location": "norwayeast",
            "mac_address": "",
            "name": "Database-0-nic",
            "private_ip_address": "10.0.1.6",
            "private_ip_addresses": [
              "10.0.1.6"
            ],
            "resource_group_name": "Resourcegroup",
            "tags": null,
            "timeouts": null,
            "virtual_machine_id": ""
          },
          "sensitive_attributes": [],
          "private": "eyJlMmJmYjczMC1lY2FhLTExZTYtOGY4OC0zNDM2M2JjN2M0YzAiOnsiY3JlYXRlIjoxODAwMDAwMDAwMDAwLCJkZWxldGUiOjE4MDAwMDAwMDAwMDAsInJlYWQiOjMwMDAwMDAwMDAwMCwidXBkYXRlIjoxODAwMDAwMDAwMDAwfX0=",
          "dependencies": [
            "azurerm_resource_group.main",
            "module.Database.azurerm_public_ip.main",
            "module.Network.azurerm_subnet.subnet",
            "module.Network.azurerm_virtual_network.main",
            "module.db_install.azurerm_storage_account.mariadb",
            "module.db_install.azurerm_storage_blob.ansible_playbook",
            "module.db_install.azurerm_storage_blob.install_script",
            "module.db_install.azurerm_storage_container.install",
            "module.db_install.azurerm_storage_container.play",
            "time_sleep.wait_for_rg"
          ]
        }
      ]
    },
    {
      "module": "module.Database[0]",
      "mode": "managed",
      "type": "azurerm_network_interface_backend_address_pool_association",
      "name": "db_pool",
      "provider": "provider[\"registry.terraform.io/hashicorp/azurerm\"]",
      "instances": [
        {
          "index_key": 0,
          "schema_version": 0,
          "attributes": {
            "backend_address_pool_id": "/subscriptions/e6785bee-d87a-4b37-b531-8716d5040959/resourceGroups/Resourcegroup/providers/Microsoft.Network/loadBalancers/db-loadbalancer/backendAddressPools/backend-pool",
            "id": "/subscriptions/e6785bee-d87a-4b37-b531-8716d5040959/resourceGroups/Resourcegroup/providers/Microsoft.Network/networkInterfaces/Database-0-nic/ipConfigurations/internal|/subscriptions/e6785bee-d87a-4b37-b531-8716d5040959/resourceGroups/Resourcegroup/providers/Microsoft.Network/loadBalancers/db-loadbalancer/backendAddressPools/backend-pool",
            "ip_configuration_name": "internal",
            "network_interface_id": "/subscriptions/e6785bee-d87a-4b37-b531-8716d5040959/resourceGroups/Resourcegroup/providers/Microsoft.Network/networkInterfaces/Database-0-nic",
            "timeouts": null
          },
          "sensitive_attributes": [],
          "private": "eyJlMmJmYjczMC1lY2FhLTExZTYtOGY4OC0zNDM2M2JjN2M0YzAiOnsiY3JlYXRlIjoxODAwMDAwMDAwMDAwLCJkZWxldGUiOjE4MDAwMDAwMDAwMDAsInJlYWQiOjMwMDAwMDAwMDAwMCwidXBkYXRlIjoxODAwMDAwMDAwMDAwfX0=",
          "dependencies": [
            "azurerm_resource_group.main",
            "module.Database.azurerm_network_interface.main",
            "module.Database.azurerm_public_ip.main",
            "module.Network.azurerm_subnet.subnet",
            "module.Network.azurerm_virtual_network.main",
            "module.db_install.azurerm_storage_account.mariadb",
            "module.db_install.azurerm_storage_blob.ansible_playbook",
            "module.db_install.azurerm_storage_blob.install_script",
            "module.db_install.azurerm_storage_container.install",
            "module.db_install.azurerm_storage_container.play",
            "module.loadbalancer.azurerm_lb.main",
            "module.loadbalancer.azurerm_lb_backend_address_pool.backend",
            "time_sleep.wait_for_rg"
          ]
        }
      ]
    },
    {
      "module": "module.Database[0]",
      "mode": "managed",
      "type": "azurerm_virtual_machine_extension",
      "name": "mariadb_install",
      "provider": "provider[\"registry.terraform.io/hashicorp/azurerm\"]",
      "instances": [
        {
          "index_key": 0,
          "schema_version": 0,
          "attributes": {
            "auto_upgrade_minor_version": false,
            "automatic_upgrade_enabled": false,
            "id": "/subscriptions/e6785bee-d87a-4b37-b531-8716d5040959/resourceGroups/Resourcegroup/providers/Microsoft.Compute/virtualMachines/Database-0/extensions/mariadb-install-Database-0",
            "name": "mariadb-install-Database-0",
            "protected_settings": "    {\r\n      \"storageAccountName\": \"blobwebblobbertest2222\",\r\n      \"storageAccountKey\": \"UjNUvdpcNZG6cKldoDOY8+Egb0akpuU4Z1g4PguBnjscV42hSrK6TJSfNKMZAZnC+tcV1T9JdqKe+AStykP3sA==\"\r\n    }\r\n",
            "publisher": "Microsoft.Azure.Extensions",
            "settings": "{\"commandToExecute\":\"bash install_mariadb.sh\",\"fileUris\":[\"https://blobwebblobbertest2222.blob.core.windows.net/install/install_mariadb.sh\"]}",
            "tags": null,
            "timeouts": null,
            "type": "CustomScript",
            "type_handler_version": "2.0",
            "virtual_machine_id": "/subscriptions/e6785bee-d87a-4b37-b531-8716d5040959/resourceGroups/Resourcegroup/providers/Microsoft.Compute/virtualMachines/Database-0"
          },
          "sensitive_attributes": [
            [
              {
                "type": "get_attr",
                "value": "protected_settings"
              }
            ]
          ],
          "private": "eyJlMmJmYjczMC1lY2FhLTExZTYtOGY4OC0zNDM2M2JjN2M0YzAiOnsiY3JlYXRlIjoxODAwMDAwMDAwMDAwLCJkZWxldGUiOjE4MDAwMDAwMDAwMDAsInJlYWQiOjMwMDAwMDAwMDAwMCwidXBkYXRlIjoxODAwMDAwMDAwMDAwfX0=",
          "dependencies": [
            "azurerm_resource_group.main",
            "module.Database.azurerm_linux_virtual_machine.main",
            "module.Database.azurerm_network_interface.main",
            "module.Database.azurerm_public_ip.main",
            "module.Network.azurerm_subnet.subnet",
            "module.Network.azurerm_virtual_network.main",
            "module.db_install.azurerm_storage_account.mariadb",
            "module.db_install.azurerm_storage_blob.ansible_playbook",
            "module.db_install.azurerm_storage_blob.install_script",
            "module.db_install.azurerm_storage_container.install",
            "module.db_install.azurerm_storage_container.play",
            "time_sleep.wait_for_rg"
          ]
        }
      ]
    },
    {
      "module": "module.Database[1]",
      "mode": "managed",
      "type": "azurerm_linux_virtual_machine",
      "name": "main",
      "provider": "provider[\"registry.terraform.io/hashicorp/azurerm\"]",
      "instances": [
        {
          "schema_version": 0,
          "attributes": {
            "additional_capabilities": [],
            "admin_password": "HolyDuck45",
            "admin_ssh_key": [],
            "admin_username": "ProjectAdmin",
            "allow_extension_operations": true,
            "availability_set_id": "",
            "boot_diagnostics": [],
            "computer_name": "Database-1",
            "custom_data": null,
            "dedicated_host_group_id": "",
            "dedicated_host_id": "",
            "disable_password_authentication": false,
            "encryption_at_host_enabled": false,
            "eviction_policy": "",
            "extensions_time_budget": "PT1H30M",
            "id": "/subscriptions/e6785bee-d87a-4b37-b531-8716d5040959/resourceGroups/Resourcegroup/providers/Microsoft.Compute/virtualMachines/Database-1",
            "identity": [],
            "license_type": "",
            "location": "norwayeast",
            "max_bid_price": -1,
            "name": "Database-1",
            "network_interface_ids": [
              "/subscriptions/e6785bee-d87a-4b37-b531-8716d5040959/resourceGroups/Resourcegroup/providers/Microsoft.Network/networkInterfaces/Database-1-nic"
            ],
            "os_disk": [
              {
                "caching": "ReadWrite",
                "diff_disk_settings": [],
                "disk_encryption_set_id": "",
                "disk_size_gb": 30,
                "name": "Database-1_disk1_a76101d72f904ae8b541a5ae95cff23d",
                "storage_account_type": "Standard_LRS",
                "write_accelerator_enabled": false
              }
            ],
            "patch_mode": "ImageDefault",
            "plan": [],
            "platform_fault_domain": -1,
            "priority": "Regular",
            "private_ip_address": "10.0.1.5",
            "private_ip_addresses": [
              "10.0.1.5"
            ],
            "provision_vm_agent": true,
            "proximity_placement_group_id": "",
            "public_ip_address": "",
            "public_ip_addresses": [],
            "resource_group_name": "Resourcegroup",
            "secret": [],
            "secure_boot_enabled": false,
            "size": "Standard_DS1_v2",
            "source_image_id": "",
            "source_image_reference": [
              {
                "offer": "debian-12",
                "publisher": "Debian",
                "sku": "12",
                "version": "latest"
              }
            ],
            "tags": null,
            "timeouts": null,
            "user_data": "",
            "virtual_machine_id": "a4079de6-3193-4908-b2cd-6ca4b1398a7b",
            "virtual_machine_scale_set_id": "",
            "vtpm_enabled": false,
            "zone": ""
          },
          "sensitive_attributes": [
            [
              {
                "type": "get_attr",
                "value": "custom_data"
              }
            ],
            [
              {
                "type": "get_attr",
                "value": "admin_password"
              }
            ]
          ],
          "private": "eyJlMmJmYjczMC1lY2FhLTExZTYtOGY4OC0zNDM2M2JjN2M0YzAiOnsiY3JlYXRlIjoyNzAwMDAwMDAwMDAwLCJkZWxldGUiOjI3MDAwMDAwMDAwMDAsInJlYWQiOjMwMDAwMDAwMDAwMCwidXBkYXRlIjoyNzAwMDAwMDAwMDAwfX0=",
          "dependencies": [
            "azurerm_resource_group.main",
            "module.Database.azurerm_network_interface.main",
            "module.Database.azurerm_public_ip.main",
            "module.Network.azurerm_subnet.subnet",
            "module.Network.azurerm_virtual_network.main",
            "module.db_install.azurerm_storage_account.mariadb",
            "module.db_install.azurerm_storage_blob.ansible_playbook",
            "module.db_install.azurerm_storage_blob.install_script",
            "module.db_install.azurerm_storage_container.install",
            "module.db_install.azurerm_storage_container.play",
            "time_sleep.wait_for_rg"
          ]
        }
      ]
    },
    {
      "module": "module.Database[1]",
      "mode": "managed",
      "type": "azurerm_network_interface",
      "name": "main",
      "provider": "provider[\"registry.terraform.io/hashicorp/azurerm\"]",
      "instances": [
        {
          "schema_version": 0,
          "attributes": {
            "applied_dns_servers": [],
            "dns_servers": [],
            "enable_accelerated_networking": false,
            "enable_ip_forwarding": false,
            "id": "/subscriptions/e6785bee-d87a-4b37-b531-8716d5040959/resourceGroups/Resourcegroup/providers/Microsoft.Network/networkInterfaces/Database-1-nic",
            "internal_dns_name_label": "",
            "internal_domain_name_suffix": "wpd3mfyilyxedmhyuog3dbvpzg.oslx.internal.cloudapp.net",
            "ip_configuration": [
              {
                "gateway_load_balancer_frontend_ip_configuration_id": "",
                "name": "internal",
                "primary": true,
                "private_ip_address": "10.0.1.5",
                "private_ip_address_allocation": "Dynamic",
                "private_ip_address_version": "IPv4",
                "public_ip_address_id": "",
                "subnet_id": "/subscriptions/e6785bee-d87a-4b37-b531-8716d5040959/resourceGroups/Resourcegroup/providers/Microsoft.Network/virtualNetworks/myVNet/subnets/subnet01"
              }
            ],
            "location": "norwayeast",
            "mac_address": "",
            "name": "Database-1-nic",
            "private_ip_address": "10.0.1.5",
            "private_ip_addresses": [
              "10.0.1.5"
            ],
            "resource_group_name": "Resourcegroup",
            "tags": null,
            "timeouts": null,
            "virtual_machine_id": ""
          },
          "sensitive_attributes": [],
          "private": "eyJlMmJmYjczMC1lY2FhLTExZTYtOGY4OC0zNDM2M2JjN2M0YzAiOnsiY3JlYXRlIjoxODAwMDAwMDAwMDAwLCJkZWxldGUiOjE4MDAwMDAwMDAwMDAsInJlYWQiOjMwMDAwMDAwMDAwMCwidXBkYXRlIjoxODAwMDAwMDAwMDAwfX0=",
          "dependencies": [
            "azurerm_resource_group.main",
            "module.Database.azurerm_public_ip.main",
            "module.Network.azurerm_subnet.subnet",
            "module.Network.azurerm_virtual_network.main",
            "module.db_install.azurerm_storage_account.mariadb",
            "module.db_install.azurerm_storage_blob.ansible_playbook",
            "module.db_install.azurerm_storage_blob.install_script",
            "module.db_install.azurerm_storage_container.install",
            "module.db_install.azurerm_storage_container.play",
            "time_sleep.wait_for_rg"
          ]
        }
      ]
    },
    {
      "module": "module.Database[1]",
      "mode": "managed",
      "type": "azurerm_network_interface_backend_address_pool_association",
      "name": "db_pool",
      "provider": "provider[\"registry.terraform.io/hashicorp/azurerm\"]",
      "instances": [
        {
          "index_key": 0,
          "schema_version": 0,
          "attributes": {
            "backend_address_pool_id": "/subscriptions/e6785bee-d87a-4b37-b531-8716d5040959/resourceGroups/Resourcegroup/providers/Microsoft.Network/loadBalancers/db-loadbalancer/backendAddressPools/backend-pool",
            "id": "/subscriptions/e6785bee-d87a-4b37-b531-8716d5040959/resourceGroups/Resourcegroup/providers/Microsoft.Network/networkInterfaces/Database-1-nic/ipConfigurations/internal|/subscriptions/e6785bee-d87a-4b37-b531-8716d5040959/resourceGroups/Resourcegroup/providers/Microsoft.Network/loadBalancers/db-loadbalancer/backendAddressPools/backend-pool",
            "ip_configuration_name": "internal",
            "network_interface_id": "/subscriptions/e6785bee-d87a-4b37-b531-8716d5040959/resourceGroups/Resourcegroup/providers/Microsoft.Network/networkInterfaces/Database-1-nic",
            "timeouts": null
          },
          "sensitive_attributes": [],
          "private": "eyJlMmJmYjczMC1lY2FhLTExZTYtOGY4OC0zNDM2M2JjN2M0YzAiOnsiY3JlYXRlIjoxODAwMDAwMDAwMDAwLCJkZWxldGUiOjE4MDAwMDAwMDAwMDAsInJlYWQiOjMwMDAwMDAwMDAwMCwidXBkYXRlIjoxODAwMDAwMDAwMDAwfX0=",
          "dependencies": [
            "azurerm_resource_group.main",
            "module.Database.azurerm_network_interface.main",
            "module.Database.azurerm_public_ip.main",
            "module.Network.azurerm_subnet.subnet",
            "module.Network.azurerm_virtual_network.main",
            "module.db_install.azurerm_storage_account.mariadb",
            "module.db_install.azurerm_storage_blob.ansible_playbook",
            "module.db_install.azurerm_storage_blob.install_script",
            "module.db_install.azurerm_storage_container.install",
            "module.db_install.azurerm_storage_container.play",
            "module.loadbalancer.azurerm_lb.main",
            "module.loadbalancer.azurerm_lb_backend_address_pool.backend",
            "time_sleep.wait_for_rg"
          ]
        }
      ]
    },
    {
      "module": "module.Database[1]",
      "mode": "managed",
      "type": "azurerm_virtual_machine_extension",
      "name": "mariadb_install",
      "provider": "provider[\"registry.terraform.io/hashicorp/azurerm\"]",
      "instances": [
        {
          "index_key": 0,
          "schema_version": 0,
          "attributes": {
            "auto_upgrade_minor_version": false,
            "automatic_upgrade_enabled": false,
            "id": "/subscriptions/e6785bee-d87a-4b37-b531-8716d5040959/resourceGroups/Resourcegroup/providers/Microsoft.Compute/virtualMachines/Database-1/extensions/mariadb-install-Database-1",
            "name": "mariadb-install-Database-1",
            "protected_settings": "    {\r\n      \"storageAccountName\": \"blobwebblobbertest2222\",\r\n      \"storageAccountKey\": \"UjNUvdpcNZG6cKldoDOY8+Egb0akpuU4Z1g4PguBnjscV42hSrK6TJSfNKMZAZnC+tcV1T9JdqKe+AStykP3sA==\"\r\n    }\r\n",
            "publisher": "Microsoft.Azure.Extensions",
            "settings": "{\"commandToExecute\":\"bash install_mariadb.sh\",\"fileUris\":[\"https://blobwebblobbertest2222.blob.core.windows.net/install/install_mariadb.sh\"]}",
            "tags": null,
            "timeouts": null,
            "type": "CustomScript",
            "type_handler_version": "2.0",
            "virtual_machine_id": "/subscriptions/e6785bee-d87a-4b37-b531-8716d5040959/resourceGroups/Resourcegroup/providers/Microsoft.Compute/virtualMachines/Database-1"
          },
          "sensitive_attributes": [
            [
              {
                "type": "get_attr",
                "value": "protected_settings"
              }
            ]
          ],
          "private": "eyJlMmJmYjczMC1lY2FhLTExZTYtOGY4OC0zNDM2M2JjN2M0YzAiOnsiY3JlYXRlIjoxODAwMDAwMDAwMDAwLCJkZWxldGUiOjE4MDAwMDAwMDAwMDAsInJlYWQiOjMwMDAwMDAwMDAwMCwidXBkYXRlIjoxODAwMDAwMDAwMDAwfX0=",
          "dependencies": [
            "azurerm_resource_group.main",
            "module.Database.azurerm_linux_virtual_machine.main",
            "module.Database.azurerm_network_interface.main",
            "module.Database.azurerm_public_ip.main",
            "module.Network.azurerm_subnet.subnet",
            "module.Network.azurerm_virtual_network.main",
            "module.db_install.azurerm_storage_account.mariadb",
            "module.db_install.azurerm_storage_blob.ansible_playbook",
            "module.db_install.azurerm_storage_blob.install_script",
            "module.db_install.azurerm_storage_container.install",
            "module.db_install.azurerm_storage_container.play",
            "time_sleep.wait_for_rg"
          ]
        }
      ]
    },
    {
      "module": "module.Network",
      "mode": "managed",
      "type": "azurerm_network_security_group",
      "name": "web_nsg",
      "provider": "provider[\"registry.terraform.io/hashicorp/azurerm\"]",
      "instances": [
        {
          "schema_version": 0,
          "attributes": {
            "id": "/subscriptions/e6785bee-d87a-4b37-b531-8716d5040959/resourceGroups/Resourcegroup/providers/Microsoft.Network/networkSecurityGroups/web_nsg",
            "location": "norwayeast",
            "name": "web_nsg",
            "resource_group_name": "Resourcegroup",
            "security_rule": [
              {
                "access": "Allow",
                "description": "",
                "destination_address_prefix": "*",
                "destination_address_prefixes": [],
                "destination_application_security_group_ids": [],
                "destination_port_range": "22",
                "destination_port_ranges": [],
                "direction": "Inbound",
                "name": "AllowSSH",
                "priority": 110,
                "protocol": "Tcp",
                "source_address_prefix": "*",
                "source_address_prefixes": [],
                "source_application_security_group_ids": [],
                "source_port_range": "*",
                "source_port_ranges": []
              },
              {
                "access": "Allow",
                "description": "",
                "destination_address_prefix": "*",
                "destination_address_prefixes": [],
                "destination_application_security_group_ids": [],
                "destination_port_range": "80",
                "destination_port_ranges": [],
                "direction": "Inbound",
                "name": "AllowHTTP",
                "priority": 100,
                "protocol": "Tcp",
                "source_address_prefix": "*",
                "source_address_prefixes": [],
                "source_application_security_group_ids": [],
                "source_port_range": "*",
                "source_port_ranges": []
              },
              {
                "access": "Allow",
                "description": "",
                "destination_address_prefix": "*",
                "destination_address_prefixes": [],
                "destination_application_security_group_ids": [],
                "destination_port_range": "8000",
                "destination_port_ranges": [],
                "direction": "Inbound",
                "name": "Allowpoopypoop",
                "priority": 120,
                "protocol": "Tcp",
                "source_address_prefix": "*",
                "source_address_prefixes": [],
                "source_application_security_group_ids": [],
                "source_port_range": "*",
                "source_port_ranges": []
              }
            ],
            "tags": null,
            "timeouts": null
          },
          "sensitive_attributes": [],
          "private": "eyJlMmJmYjczMC1lY2FhLTExZTYtOGY4OC0zNDM2M2JjN2M0YzAiOnsiY3JlYXRlIjoxODAwMDAwMDAwMDAwLCJkZWxldGUiOjE4MDAwMDAwMDAwMDAsInJlYWQiOjMwMDAwMDAwMDAwMCwidXBkYXRlIjoxODAwMDAwMDAwMDAwfX0=",
          "dependencies": [
            "azurerm_resource_group.main",
            "time_sleep.wait_for_rg"
          ]
        }
      ]
    },
    {
      "module": "module.Network",
      "mode": "managed",
      "type": "azurerm_subnet",
      "name": "subnet",
      "provider": "provider[\"registry.terraform.io/hashicorp/azurerm\"]",
      "instances": [
        {
          "schema_version": 0,
          "attributes": {
            "address_prefix": "10.0.1.0/24",
            "address_prefixes": [
              "10.0.1.0/24"
            ],
            "delegation": [],
            "enforce_private_link_endpoint_network_policies": false,
            "enforce_private_link_service_network_policies": false,
            "id": "/subscriptions/e6785bee-d87a-4b37-b531-8716d5040959/resourceGroups/Resourcegroup/providers/Microsoft.Network/virtualNetworks/myVNet/subnets/subnet01",
            "name": "subnet01",
            "resource_group_name": "Resourcegroup",
            "service_endpoint_policy_ids": null,
            "service_endpoints": null,
            "timeouts": null,
            "virtual_network_name": "myVNet"
          },
          "sensitive_attributes": [],
          "private": "eyJlMmJmYjczMC1lY2FhLTExZTYtOGY4OC0zNDM2M2JjN2M0YzAiOnsiY3JlYXRlIjoxODAwMDAwMDAwMDAwLCJkZWxldGUiOjE4MDAwMDAwMDAwMDAsInJlYWQiOjMwMDAwMDAwMDAwMCwidXBkYXRlIjoxODAwMDAwMDAwMDAwfX0=",
          "dependencies": [
            "azurerm_resource_group.main",
            "module.Network.azurerm_virtual_network.main",
            "time_sleep.wait_for_rg"
          ]
        }
      ]
    },
    {
      "module": "module.Network",
      "mode": "managed",
      "type": "azurerm_virtual_network",
      "name": "main",
      "provider": "provider[\"registry.terraform.io/hashicorp/azurerm\"]",
      "instances": [
        {
          "schema_version": 0,
          "attributes": {
            "address_space": [
              "10.0.0.0/16"
            ],
            "bgp_community": "",
            "ddos_protection_plan": [],
            "dns_servers": [],
            "flow_timeout_in_minutes": 0,
            "guid": "17d6c7b3-5e08-412e-b0f8-a38dd186afce",
            "id": "/subscriptions/e6785bee-d87a-4b37-b531-8716d5040959/resourceGroups/Resourcegroup/providers/Microsoft.Network/virtualNetworks/myVNet",
            "location": "norwayeast",
            "name": "myVNet",
            "resource_group_name": "Resourcegroup",
            "subnet": [],
            "tags": null,
            "timeouts": null,
            "vm_protection_enabled": false
          },
          "sensitive_attributes": [],
          "private": "eyJlMmJmYjczMC1lY2FhLTExZTYtOGY4OC0zNDM2M2JjN2M0YzAiOnsiY3JlYXRlIjoxODAwMDAwMDAwMDAwLCJkZWxldGUiOjE4MDAwMDAwMDAwMDAsInJlYWQiOjMwMDAwMDAwMDAwMCwidXBkYXRlIjoxODAwMDAwMDAwMDAwfX0=",
          "dependencies": [
            "azurerm_resource_group.main",
            "time_sleep.wait_for_rg"
          ]
        }
      ]
    },
    {
      "module": "module.Webserver",
      "mode": "managed",
      "type": "azurerm_linux_virtual_machine",
      "name": "main",
      "provider": "provider[\"registry.terraform.io/hashicorp/azurerm\"]",
      "instances": [
        {
          "schema_version": 0,
          "attributes": {
            "additional_capabilities": [],
            "admin_password": "HolyDuck45",
            "admin_ssh_key": [],
            "admin_username": "ProjectAdmin",
            "allow_extension_operations": true,
            "availability_set_id": "",
            "boot_diagnostics": [],
            "computer_name": "Webserver",
            "custom_data": "IyEvYmluL2Jhc2gNCiMgQ3JlYXRlIGRpcmVjdG9yeSBmb3IgTWFyaWFEQiBwYWNrYWdlcw0KbWtkaXIgLXAgL2hvbWUvUHJvamVjdEFkbWluL21hcmlhZGJfcGFja2FnZXMNCmNkIC9ob21lL1Byb2plY3RBZG1pbi9tYXJpYWRiX3BhY2thZ2VzDQoNCiMgVXBkYXRlIHBhY2thZ2UgbGlzdHMNCmFwdC1nZXQgdXBkYXRlDQoNCiMgRG93bmxvYWQgTWFyaWFEQiBwYWNrYWdlcyB3aXRob3V0IGluc3RhbGxpbmcNCmFwdC1nZXQgaW5zdGFsbCAtLWRvd25sb2FkLW9ubHkgLXkgbWFyaWFkYi1zZXJ2ZXINCiMgQ29weSBwYWNrYWdlcyB0byBwcmVwYXJlZCBkaXJlY3RvcnkNCmNwIC92YXIvY2FjaGUvYXB0L2FyY2hpdmVzLyouZGViIC9ob21lL1Byb2plY3RBZG1pbi9tYXJpYWRiX3BhY2thZ2VzLw0KDQojIFNldCBwZXJtaXNzaW9ucw0KY2hvd24gLVIgUHJvamVjdEFkbWluOlByb2plY3RBZG1pbiAvaG9tZS9Qcm9qZWN0QWRtaW4vbWFyaWFkYl9wYWNrYWdlcw0KDQojIEluc3RhbGwgUHl0aG9uIGZvciBzaW1wbGUgSFRUUCBzZXJ2ZXINCmFwdC1nZXQgaW5zdGFsbCAteSBweXRob24zDQoNCiMgQ3JlYXRlIHN5c3RlbWQgc2VydmljZSBmb3IgSFRUUCBzZXJ2ZXINCmNhdCA+IC9ldGMvc3lzdGVtZC9zeXN0ZW0vcGFja2FnZXMtc2VydmVyLnNlcnZpY2UgPDxFT0YNCltVbml0XQ0KRGVzY3JpcHRpb249UGFja2FnZSBIVFRQIFNlcnZlcg0KQWZ0ZXI9bmV0d29yay50YXJnZXQNCg0KW1NlcnZpY2VdDQpUeXBlPXNpbXBsZQ0KVXNlcj1Qcm9qZWN0QWRtaW4NCldvcmtpbmdEaXJlY3Rvcnk9L2hvbWUvUHJvamVjdEFkbWluL21hcmlhZGJfcGFja2FnZXMNCkV4ZWNTdGFydD0vdXNyL2Jpbi9weXRob24zIC1tIGh0dHAuc2VydmVyIDgwMDANClJlc3RhcnQ9YWx3YXlzDQoNCltJbnN0YWxsXQ0KV2FudGVkQnk9bXVsdGktdXNlci50YXJnZXQNCkVPRg0KDQojIEVuYWJsZSBhbmQgc3RhcnQgdGhlIHNlcnZpY2UNCnN5c3RlbWN0bCBlbmFibGUgcGFja2FnZXMtc2VydmVyDQpzeXN0ZW1jdGwgc3RhcnQgcGFja2FnZXMtc2VydmVyDQpzdWRvIGFwdC1nZXQgaW5zdGFsbCAteSBhbnNpYmxlDQpTVE9SQUdFX0FDQ09VTlRfTkFNRT0iYmxvYndlYmJsb2JiZXJ0ZXN0MjIyMiINClBMQVlCT09LX1VSTD0iaHR0cHM6Ly9ibG9id2ViYmxvYmJlcnRlc3QyMjIyLmJsb2IuY29yZS53aW5kb3dzLm5ldC9wbGF5L3BsYXlib29rLnltbCINClBMQVlCT09LX1BBVEg9Ii9ob21lL1Byb2plY3RBZG1pbi9wbGF5Ym9vay55bWwiDQoNCiMgRG93bmxvYWQgdGhlIEFuc2libGUgcGxheWJvb2sNCmN1cmwgLW8gL2hvbWUvUHJvamVjdEFkbWluL3BsYXlib29rLnltbCBodHRwczovL2Jsb2J3ZWJibG9iYmVydGVzdDIyMjIuYmxvYi5jb3JlLndpbmRvd3MubmV0L3BsYXkvcGxheWJvb2sueW1sDQoNCiMgUnVuIHRoZSBwbGF5Ym9vaw0KYW5zaWJsZS1wbGF5Ym9vayAvaG9tZS9Qcm9qZWN0QWRtaW4vcGxheWJvb2sueW1sDQo=",
            "dedicated_host_group_id": "",
            "dedicated_host_id": "",
            "disable_password_authentication": false,
            "encryption_at_host_enabled": false,
            "eviction_policy": "",
            "extensions_time_budget": "PT1H30M",
            "id": "/subscriptions/e6785bee-d87a-4b37-b531-8716d5040959/resourceGroups/Resourcegroup/providers/Microsoft.Compute/virtualMachines/Webserver",
            "identity": [],
            "license_type": "",
            "location": "norwayeast",
            "max_bid_price": -1,
            "name": "Webserver",
            "network_interface_ids": [
              "/subscriptions/e6785bee-d87a-4b37-b531-8716d5040959/resourceGroups/Resourcegroup/providers/Microsoft.Network/networkInterfaces/Webserver-nic"
            ],
            "os_disk": [
              {
                "caching": "ReadWrite",
                "diff_disk_settings": [],
                "disk_encryption_set_id": "",
                "disk_size_gb": 30,
                "name": "Webserver_disk1_8e9c52e5b9bc49bb9a27b6e504179fd6",
                "storage_account_type": "Standard_LRS",
                "write_accelerator_enabled": false
              }
            ],
            "patch_mode": "ImageDefault",
            "plan": [],
            "platform_fault_domain": -1,
            "priority": "Regular",
            "private_ip_address": "10.0.1.7",
            "private_ip_addresses": [
              "10.0.1.7"
            ],
            "provision_vm_agent": true,
            "proximity_placement_group_id": "",
            "public_ip_address": "51.13.181.86",
            "public_ip_addresses": [
              "51.13.181.86"
            ],
            "resource_group_name": "Resourcegroup",
            "secret": [],
            "secure_boot_enabled": false,
            "size": "Standard_DS1_v2",
            "source_image_id": "",
            "source_image_reference": [
              {
                "offer": "debian-12",
                "publisher": "Debian",
                "sku": "12",
                "version": "latest"
              }
            ],
            "tags": null,
            "timeouts": null,
            "user_data": "",
            "virtual_machine_id": "ec5353d7-7647-4950-b1f9-97397693c2e2",
            "virtual_machine_scale_set_id": "",
            "vtpm_enabled": false,
            "zone": ""
          },
          "sensitive_attributes": [
            [
              {
                "type": "get_attr",
                "value": "custom_data"
              }
            ],
            [
              {
                "type": "get_attr",
                "value": "admin_password"
              }
            ]
          ],
          "private": "eyJlMmJmYjczMC1lY2FhLTExZTYtOGY4OC0zNDM2M2JjN2M0YzAiOnsiY3JlYXRlIjoyNzAwMDAwMDAwMDAwLCJkZWxldGUiOjI3MDAwMDAwMDAwMDAsInJlYWQiOjMwMDAwMDAwMDAwMCwidXBkYXRlIjoyNzAwMDAwMDAwMDAwfX0=",
          "dependencies": [
            "azurerm_resource_group.main",
            "module.Network.azurerm_subnet.subnet",
            "module.Network.azurerm_virtual_network.main",
            "module.Webserver.azurerm_network_interface.main",
            "module.Webserver.azurerm_public_ip.main",
            "module.db_install.azurerm_storage_account.mariadb",
            "module.db_install.azurerm_storage_blob.ansible_playbook",
            "module.db_install.azurerm_storage_blob.install_script",
            "module.db_install.azurerm_storage_container.install",
            "module.db_install.azurerm_storage_container.play",
            "time_sleep.wait_for_rg"
          ]
        }
      ]
    },
    {
      "module": "module.Webserver",
      "mode": "managed",
      "type": "azurerm_network_interface",
      "name": "main",
      "provider": "provider[\"registry.terraform.io/hashicorp/azurerm\"]",
      "instances": [
        {
          "schema_version": 0,
          "attributes": {
            "applied_dns_servers": [],
            "dns_servers": [],
            "enable_accelerated_networking": false,
            "enable_ip_forwarding": false,
            "id": "/subscriptions/e6785bee-d87a-4b37-b531-8716d5040959/resourceGroups/Resourcegroup/providers/Microsoft.Network/networkInterfaces/Webserver-nic",
            "internal_dns_name_label": "",
            "internal_domain_name_suffix": "wpd3mfyilyxedmhyuog3dbvpzg.oslx.internal.cloudapp.net",
            "ip_configuration": [
              {
                "gateway_load_balancer_frontend_ip_configuration_id": "",
                "name": "internal",
                "primary": true,
                "private_ip_address": "10.0.1.7",
                "private_ip_address_allocation": "Dynamic",
                "private_ip_address_version": "IPv4",
                "public_ip_address_id": "/subscriptions/e6785bee-d87a-4b37-b531-8716d5040959/resourceGroups/Resourcegroup/providers/Microsoft.Network/publicIPAddresses/Webserver-public-ip",
                "subnet_id": "/subscriptions/e6785bee-d87a-4b37-b531-8716d5040959/resourceGroups/Resourcegroup/providers/Microsoft.Network/virtualNetworks/myVNet/subnets/subnet01"
              }
            ],
            "location": "norwayeast",
            "mac_address": "",
            "name": "Webserver-nic",
            "private_ip_address": "10.0.1.7",
            "private_ip_addresses": [
              "10.0.1.7"
            ],
            "resource_group_name": "Resourcegroup",
            "tags": null,
            "timeouts": null,
            "virtual_machine_id": ""
          },
          "sensitive_attributes": [],
          "private": "eyJlMmJmYjczMC1lY2FhLTExZTYtOGY4OC0zNDM2M2JjN2M0YzAiOnsiY3JlYXRlIjoxODAwMDAwMDAwMDAwLCJkZWxldGUiOjE4MDAwMDAwMDAwMDAsInJlYWQiOjMwMDAwMDAwMDAwMCwidXBkYXRlIjoxODAwMDAwMDAwMDAwfX0=",
          "dependencies": [
            "azurerm_resource_group.main",
            "module.Network.azurerm_subnet.subnet",
            "module.Network.azurerm_virtual_network.main",
            "module.Webserver.azurerm_public_ip.main",
            "module.db_install.azurerm_storage_account.mariadb",
            "module.db_install.azurerm_storage_blob.ansible_playbook",
            "module.db_install.azurerm_storage_blob.install_script",
            "module.db_install.azurerm_storage_container.install",
            "module.db_install.azurerm_storage_container.play",
            "time_sleep.wait_for_rg"
          ]
        }
      ]
    },
    {
      "module": "module.Webserver",
      "mode": "managed",
      "type": "azurerm_network_interface_security_group_association",
      "name": "web_nsg",
      "provider": "provider[\"registry.terraform.io/hashicorp/azurerm\"]",
      "instances": [
        {
          "index_key": 0,
          "schema_version": 0,
          "attributes": {
            "id": "/subscriptions/e6785bee-d87a-4b37-b531-8716d5040959/resourceGroups/Resourcegroup/providers/Microsoft.Network/networkInterfaces/Webserver-nic|/subscriptions/e6785bee-d87a-4b37-b531-8716d5040959/resourceGroups/Resourcegroup/providers/Microsoft.Network/networkSecurityGroups/web_nsg",
            "network_interface_id": "/subscriptions/e6785bee-d87a-4b37-b531-8716d5040959/resourceGroups/Resourcegroup/providers/Microsoft.Network/networkInterfaces/Webserver-nic",
            "network_security_group_id": "/subscriptions/e6785bee-d87a-4b37-b531-8716d5040959/resourceGroups/Resourcegroup/providers/Microsoft.Network/networkSecurityGroups/web_nsg",
            "timeouts": null
          },
          "sensitive_attributes": [],
          "private": "eyJlMmJmYjczMC1lY2FhLTExZTYtOGY4OC0zNDM2M2JjN2M0YzAiOnsiY3JlYXRlIjoxODAwMDAwMDAwMDAwLCJkZWxldGUiOjE4MDAwMDAwMDAwMDAsInJlYWQiOjMwMDAwMDAwMDAwMCwidXBkYXRlIjoxODAwMDAwMDAwMDAwfX0=",
          "dependencies": [
            "azurerm_resource_group.main",
            "module.Network.azurerm_network_security_group.web_nsg",
            "module.Network.azurerm_subnet.subnet",
            "module.Network.azurerm_virtual_network.main",
            "module.Webserver.azurerm_network_interface.main",
            "module.Webserver.azurerm_public_ip.main",
            "module.db_install.azurerm_storage_account.mariadb",
            "module.db_install.azurerm_storage_blob.ansible_playbook",
            "module.db_install.azurerm_storage_blob.install_script",
            "module.db_install.azurerm_storage_container.install",
            "module.db_install.azurerm_storage_container.play",
            "time_sleep.wait_for_rg"
          ]
        }
      ]
    },
    {
      "module": "module.Webserver",
      "mode": "managed",
      "type": "azurerm_public_ip",
      "name": "main",
      "provider": "provider[\"registry.terraform.io/hashicorp/azurerm\"]",
      "instances": [
        {
          "index_key": 0,
          "schema_version": 0,
          "attributes": {
            "allocation_method": "Static",
            "availability_zone": "No-Zone",
            "domain_name_label": null,
            "fqdn": null,
            "id": "/subscriptions/e6785bee-d87a-4b37-b531-8716d5040959/resourceGroups/Resourcegroup/providers/Microsoft.Network/publicIPAddresses/Webserver-public-ip",
            "idle_timeout_in_minutes": 4,
            "ip_address": "51.13.181.86",
            "ip_tags": null,
            "ip_version": "IPv4",
            "location": "norwayeast",
            "name": "Webserver-public-ip",
            "public_ip_prefix_id": null,
            "resource_group_name": "Resourcegroup",
            "reverse_fqdn": null,
            "sku": "Basic",
            "sku_tier": "Regional",
            "tags": null,
            "timeouts": null,
            "zones": []
          },
          "sensitive_attributes": [],
          "private": "eyJlMmJmYjczMC1lY2FhLTExZTYtOGY4OC0zNDM2M2JjN2M0YzAiOnsiY3JlYXRlIjoxODAwMDAwMDAwMDAwLCJkZWxldGUiOjE4MDAwMDAwMDAwMDAsInJlYWQiOjMwMDAwMDAwMDAwMCwidXBkYXRlIjoxODAwMDAwMDAwMDAwfX0=",
          "dependencies": [
            "azurerm_resource_group.main",
            "module.db_install.azurerm_storage_account.mariadb",
            "module.db_install.azurerm_storage_blob.ansible_playbook",
            "module.db_install.azurerm_storage_blob.install_script",
            "module.db_install.azurerm_storage_container.install",
            "module.db_install.azurerm_storage_container.play",
            "time_sleep.wait_for_rg"
          ]
        }
      ]
    },
    {
      "module": "module.db_install",
      "mode": "managed",
      "type": "azurerm_storage_account",
      "name": "mariadb",
      "provider": "provider[\"registry.terraform.io/hashicorp/azurerm\"]",
      "instances": [
        {
          "schema_version": 2,
          "attributes": {
            "access_tier": "Hot",
            "account_kind": "StorageV2",
            "account_replication_type": "LRS",
            "account_tier": "Standard",
            "allow_blob_public_access": true,
            "azure_files_authentication": [],
            "blob_properties": [
              {
                "change_feed_enabled": false,
                "container_delete_retention_policy": [],
                "cors_rule": [],
                "default_service_version": "",
                "delete_retention_policy": [],
                "last_access_time_enabled": false,
                "versioning_enabled": false
              }
            ],
            "custom_domain": [],
            "customer_managed_key": [],
            "enable_https_traffic_only": true,
            "id": "/subscriptions/e6785bee-d87a-4b37-b531-8716d5040959/resourceGroups/Resourcegroup/providers/Microsoft.Storage/storageAccounts/blobwebblobbertest2222",
            "identity": [],
            "infrastructure_encryption_enabled": false,
            "is_hns_enabled": false,
            "large_file_share_enabled": null,
            "location": "norwayeast",
            "min_tls_version": "TLS1_0",
            "name": "blobwebblobbertest2222",
            "network_rules": [
              {
                "bypass": [
                  "AzureServices"
                ],
                "default_action": "Allow",
                "ip_rules": [],
                "private_link_access": [],
                "virtual_network_subnet_ids": []
              }
            ],
            "nfsv3_enabled": false,
            "primary_access_key": "UjNUvdpcNZG6cKldoDOY8+Egb0akpuU4Z1g4PguBnjscV42hSrK6TJSfNKMZAZnC+tcV1T9JdqKe+AStykP3sA==",
            "primary_blob_connection_string": "DefaultEndpointsProtocol=https;BlobEndpoint=https://blobwebblobbertest2222.blob.core.windows.net/;AccountName=blobwebblobbertest2222;AccountKey=UjNUvdpcNZG6cKldoDOY8+Egb0akpuU4Z1g4PguBnjscV42hSrK6TJSfNKMZAZnC+tcV1T9JdqKe+AStykP3sA==",
            "primary_blob_endpoint": "https://blobwebblobbertest2222.blob.core.windows.net/",
            "primary_blob_host": "blobwebblobbertest2222.blob.core.windows.net",
            "primary_connection_string": "DefaultEndpointsProtocol=https;AccountName=blobwebblobbertest2222;AccountKey=UjNUvdpcNZG6cKldoDOY8+Egb0akpuU4Z1g4PguBnjscV42hSrK6TJSfNKMZAZnC+tcV1T9JdqKe+AStykP3sA==;EndpointSuffix=core.windows.net",
            "primary_dfs_endpoint": "https://blobwebblobbertest2222.dfs.core.windows.net/",
            "primary_dfs_host": "blobwebblobbertest2222.dfs.core.windows.net",
            "primary_file_endpoint": "https://blobwebblobbertest2222.file.core.windows.net/",
            "primary_file_host": "blobwebblobbertest2222.file.core.windows.net",
            "primary_location": "norwayeast",
            "primary_queue_endpoint": "https://blobwebblobbertest2222.queue.core.windows.net/",
            "primary_queue_host": "blobwebblobbertest2222.queue.core.windows.net",
            "primary_table_endpoint": "https://blobwebblobbertest2222.table.core.windows.net/",
            "primary_table_host": "blobwebblobbertest2222.table.core.windows.net",
            "primary_web_endpoint": "https://blobwebblobbertest2222.z1.web.core.windows.net/",
            "primary_web_host": "blobwebblobbertest2222.z1.web.core.windows.net",
            "queue_encryption_key_type": "Service",
            "queue_properties": [
              {
                "cors_rule": [],
                "hour_metrics": [
                  {
                    "enabled": true,
                    "include_apis": true,
                    "retention_policy_days": 7,
                    "version": "1.0"
                  }
                ],
                "logging": [
                  {
                    "delete": false,
                    "read": false,
                    "retention_policy_days": 0,
                    "version": "1.0",
                    "write": false
                  }
                ],
                "minute_metrics": [
                  {
                    "enabled": false,
                    "include_apis": false,
                    "retention_policy_days": 0,
                    "version": "1.0"
                  }
                ]
              }
            ],
            "resource_group_name": "Resourcegroup",
            "routing": [],
            "secondary_access_key": "2EhuBXvT/Cruxb0F2B4RSE4PrnnBTeXR7fu/9a3oIoXQ5pRSxevDFkVvw5uCNLugJfQv4iOpkbz8+ASt55bgYw==",
            "secondary_blob_connection_string": "",
            "secondary_blob_endpoint": null,
            "secondary_blob_host": null,
            "secondary_connection_string": "DefaultEndpointsProtocol=https;AccountName=blobwebblobbertest2222;AccountKey=2EhuBXvT/Cruxb0F2B4RSE4PrnnBTeXR7fu/9a3oIoXQ5pRSxevDFkVvw5uCNLugJfQv4iOpkbz8+ASt55bgYw==;EndpointSuffix=core.windows.net",
            "secondary_dfs_endpoint": null,
            "secondary_dfs_host": null,
            "secondary_file_endpoint": null,
            "secondary_file_host": null,
            "secondary_location": "",
            "secondary_queue_endpoint": null,
            "secondary_queue_host": null,
            "secondary_table_endpoint": null,
            "secondary_table_host": null,
            "secondary_web_endpoint": null,
            "secondary_web_host": null,
            "share_properties": [
              {
                "cors_rule": [],
                "retention_policy": [
                  {
                    "days": 7
                  }
                ],
                "smb": []
              }
            ],
            "shared_access_key_enabled": true,
            "static_website": [],
            "table_encryption_key_type": "Service",
            "tags": null,
            "timeouts": null
          },
          "sensitive_attributes": [
            [
              {
                "type": "get_attr",
                "value": "secondary_blob_connection_string"
              }
            ],
            [
              {
                "type": "get_attr",
                "value": "secondary_access_key"
              }
            ],
            [
              {
                "type": "get_attr",
                "value": "secondary_connection_string"
              }
            ],
            [
              {
                "type": "get_attr",
                "value": "primary_connection_string"
              }
            ],
            [
              {
                "type": "get_attr",
                "value": "primary_blob_connection_string"
              }
            ],
            [
              {
                "type": "get_attr",
                "value": "primary_access_key"
              }
            ]
          ],
          "private": "eyJlMmJmYjczMC1lY2FhLTExZTYtOGY4OC0zNDM2M2JjN2M0YzAiOnsiY3JlYXRlIjozNjAwMDAwMDAwMDAwLCJkZWxldGUiOjM2MDAwMDAwMDAwMDAsInJlYWQiOjMwMDAwMDAwMDAwMCwidXBkYXRlIjozNjAwMDAwMDAwMDAwfSwic2NoZW1hX3ZlcnNpb24iOiIyIn0=",
          "dependencies": [
            "azurerm_resource_group.main",
            "time_sleep.wait_for_rg"
          ]
        }
      ]
    },
    {
      "module": "module.db_install",
      "mode": "managed",
      "type": "azurerm_storage_blob",
      "name": "ansible_playbook",
      "provider": "provider[\"registry.terraform.io/hashicorp/azurerm\"]",
      "instances": [
        {
          "schema_version": 1,
          "attributes": {
            "access_tier": "Hot",
            "cache_control": "",
            "content_md5": "",
            "content_type": "application/octet-stream",
            "id": "https://blobwebblobbertest2222.blob.core.windows.net/play/playbook.yml",
            "metadata": {},
            "name": "playbook.yml",
            "parallelism": 8,
            "size": 0,
            "source": "Modules/db-install/scripts/playbook.yml",
            "source_content": null,
            "source_uri": null,
            "storage_account_name": "blobwebblobbertest2222",
            "storage_container_name": "play",
            "timeouts": null,
            "type": "Block",
            "url": "https://blobwebblobbertest2222.blob.core.windows.net/play/playbook.yml"
          },
          "sensitive_attributes": [],
          "private": "eyJlMmJmYjczMC1lY2FhLTExZTYtOGY4OC0zNDM2M2JjN2M0YzAiOnsiY3JlYXRlIjoxODAwMDAwMDAwMDAwLCJkZWxldGUiOjE4MDAwMDAwMDAwMDAsInJlYWQiOjMwMDAwMDAwMDAwMCwidXBkYXRlIjoxODAwMDAwMDAwMDAwfSwic2NoZW1hX3ZlcnNpb24iOiIxIn0=",
          "dependencies": [
            "azurerm_resource_group.main",
            "module.db_install.azurerm_storage_account.mariadb",
            "module.db_install.azurerm_storage_container.play",
            "time_sleep.wait_for_rg"
          ]
        }
      ]
    },
    {
      "module": "module.db_install",
      "mode": "managed",
      "type": "azurerm_storage_blob",
      "name": "install_script",
      "provider": "provider[\"registry.terraform.io/hashicorp/azurerm\"]",
      "instances": [
        {
          "schema_version": 1,
          "attributes": {
            "access_tier": "Hot",
            "cache_control": "",
            "content_md5": "",
            "content_type": "application/octet-stream",
            "id": "https://blobwebblobbertest2222.blob.core.windows.net/install/install_mariadb.sh",
            "metadata": {},
            "name": "install_mariadb.sh",
            "parallelism": 8,
            "size": 0,
            "source": "Modules/db-install/scripts/install_mariadb.sh",
            "source_content": null,
            "source_uri": null,
            "storage_account_name": "blobwebblobbertest2222",
            "storage_container_name": "install",
            "timeouts": null,
            "type": "Block",
            "url": "https://blobwebblobbertest2222.blob.core.windows.net/install/install_mariadb.sh"
          },
          "sensitive_attributes": [],
          "private": "eyJlMmJmYjczMC1lY2FhLTExZTYtOGY4OC0zNDM2M2JjN2M0YzAiOnsiY3JlYXRlIjoxODAwMDAwMDAwMDAwLCJkZWxldGUiOjE4MDAwMDAwMDAwMDAsInJlYWQiOjMwMDAwMDAwMDAwMCwidXBkYXRlIjoxODAwMDAwMDAwMDAwfSwic2NoZW1hX3ZlcnNpb24iOiIxIn0=",
          "dependencies": [
            "azurerm_resource_group.main",
            "module.db_install.azurerm_storage_account.mariadb",
            "module.db_install.azurerm_storage_container.install",
            "time_sleep.wait_for_rg"
          ]
        }
      ]
    },
    {
      "module": "module.db_install",
      "mode": "managed",
      "type": "azurerm_storage_container",
      "name": "install",
      "provider": "provider[\"registry.terraform.io/hashicorp/azurerm\"]",
      "instances": [
        {
          "schema_version": 1,
          "attributes": {
            "container_access_type": "blob",
            "has_immutability_policy": false,
            "has_legal_hold": false,
            "id": "https://blobwebblobbertest2222.blob.core.windows.net/install",
            "metadata": {},
            "name": "install",
            "resource_manager_id": "/subscriptions/e6785bee-d87a-4b37-b531-8716d5040959/resourceGroups/Resourcegroup/providers/Microsoft.Storage/storageAccounts/blobwebblobbertest2222/blobServices/default/containers/install",
            "storage_account_name": "blobwebblobbertest2222",
            "timeouts": null
          },
          "sensitive_attributes": [],
          "private": "eyJlMmJmYjczMC1lY2FhLTExZTYtOGY4OC0zNDM2M2JjN2M0YzAiOnsiY3JlYXRlIjoxODAwMDAwMDAwMDAwLCJkZWxldGUiOjE4MDAwMDAwMDAwMDAsInJlYWQiOjMwMDAwMDAwMDAwMCwidXBkYXRlIjoxODAwMDAwMDAwMDAwfSwic2NoZW1hX3ZlcnNpb24iOiIxIn0=",
          "dependencies": [
            "azurerm_resource_group.main",
            "module.db_install.azurerm_storage_account.mariadb",
            "time_sleep.wait_for_rg"
          ]
        }
      ]
    },
    {
      "module": "module.db_install",
      "mode": "managed",
      "type": "azurerm_storage_container",
      "name": "play",
      "provider": "provider[\"registry.terraform.io/hashicorp/azurerm\"]",
      "instances": [
        {
          "schema_version": 1,
          "attributes": {
            "container_access_type": "blob",
            "has_immutability_policy": false,
            "has_legal_hold": false,
            "id": "https://blobwebblobbertest2222.blob.core.windows.net/play",
            "metadata": {},
            "name": "play",
            "resource_manager_id": "/subscriptions/e6785bee-d87a-4b37-b531-8716d5040959/resourceGroups/Resourcegroup/providers/Microsoft.Storage/storageAccounts/blobwebblobbertest2222/blobServices/default/containers/play",
            "storage_account_name": "blobwebblobbertest2222",
            "timeouts": null
          },
          "sensitive_attributes": [],
          "private": "eyJlMmJmYjczMC1lY2FhLTExZTYtOGY4OC0zNDM2M2JjN2M0YzAiOnsiY3JlYXRlIjoxODAwMDAwMDAwMDAwLCJkZWxldGUiOjE4MDAwMDAwMDAwMDAsInJlYWQiOjMwMDAwMDAwMDAwMCwidXBkYXRlIjoxODAwMDAwMDAwMDAwfSwic2NoZW1hX3ZlcnNpb24iOiIxIn0=",
          "dependencies": [
            "azurerm_resource_group.main",
            "module.db_install.azurerm_storage_account.mariadb",
            "time_sleep.wait_for_rg"
          ]
        }
      ]
    },
    {
      "module": "module.loadbalancer",
      "mode": "managed",
      "type": "azurerm_lb",
      "name": "main",
      "provider": "provider[\"registry.terraform.io/hashicorp/azurerm\"]",
      "instances": [
        {
          "schema_version": 0,
          "attributes": {
            "frontend_ip_configuration": [
              {
                "availability_zone": "Zone-Redundant",
                "gateway_load_balancer_frontend_ip_configuration_id": "",
                "id": "/subscriptions/e6785bee-d87a-4b37-b531-8716d5040959/resourceGroups/Resourcegroup/providers/Microsoft.Network/loadBalancers/db-loadbalancer/frontendIPConfigurations/frontendConfig",
                "inbound_nat_rules": [],
                "load_balancer_rules": [],
                "name": "frontendConfig",
                "outbound_rules": [],
                "private_ip_address": "10.0.1.4",
                "private_ip_address_allocation": "Dynamic",
                "private_ip_address_version": "IPv4",
                "public_ip_address_id": "",
                "public_ip_prefix_id": "",
                "subnet_id": "/subscriptions/e6785bee-d87a-4b37-b531-8716d5040959/resourceGroups/Resourcegroup/providers/Microsoft.Network/virtualNetworks/myVNet/subnets/subnet01",
                "zones": []
              }
            ],
            "id": "/subscriptions/e6785bee-d87a-4b37-b531-8716d5040959/resourceGroups/Resourcegroup/providers/Microsoft.Network/loadBalancers/db-loadbalancer",
            "location": "norwayeast",
            "name": "db-loadbalancer",
            "private_ip_address": "10.0.1.4",
            "private_ip_addresses": [
              "10.0.1.4"
            ],
            "resource_group_name": "Resourcegroup",
            "sku": "Standard",
            "sku_tier": "Regional",
            "tags": null,
            "timeouts": null
          },
          "sensitive_attributes": [],
          "private": "eyJlMmJmYjczMC1lY2FhLTExZTYtOGY4OC0zNDM2M2JjN2M0YzAiOnsiY3JlYXRlIjoxODAwMDAwMDAwMDAwLCJkZWxldGUiOjE4MDAwMDAwMDAwMDAsInJlYWQiOjMwMDAwMDAwMDAwMCwidXBkYXRlIjoxODAwMDAwMDAwMDAwfX0=",
          "dependencies": [
            "azurerm_resource_group.main",
            "module.Network.azurerm_subnet.subnet",
            "module.Network.azurerm_virtual_network.main",
            "time_sleep.wait_for_rg"
          ]
        }
      ]
    },
    {
      "module": "module.loadbalancer",
      "mode": "managed",
      "type": "azurerm_lb_backend_address_pool",
      "name": "backend",
      "provider": "provider[\"registry.terraform.io/hashicorp/azurerm\"]",
      "instances": [
        {
          "schema_version": 0,
          "attributes": {
            "backend_address": [],
            "backend_ip_configurations": [],
            "id": "/subscriptions/e6785bee-d87a-4b37-b531-8716d5040959/resourceGroups/Resourcegroup/providers/Microsoft.Network/loadBalancers/db-loadbalancer/backendAddressPools/backend-pool",
            "load_balancing_rules": [],
            "loadbalancer_id": "/subscriptions/e6785bee-d87a-4b37-b531-8716d5040959/resourceGroups/Resourcegroup/providers/Microsoft.Network/loadBalancers/db-loadbalancer",
            "name": "backend-pool",
            "outbound_rules": [],
            "resource_group_name": "Resourcegroup",
            "timeouts": null,
            "tunnel_interface": []
          },
          "sensitive_attributes": [],
          "private": "eyJlMmJmYjczMC1lY2FhLTExZTYtOGY4OC0zNDM2M2JjN2M0YzAiOnsiY3JlYXRlIjoxODAwMDAwMDAwMDAwLCJkZWxldGUiOjE4MDAwMDAwMDAwMDAsInJlYWQiOjMwMDAwMDAwMDAwMCwidXBkYXRlIjoxODAwMDAwMDAwMDAwfX0=",
          "dependencies": [
            "azurerm_resource_group.main",
            "module.Network.azurerm_subnet.subnet",
            "module.Network.azurerm_virtual_network.main",
            "module.loadbalancer.azurerm_lb.main",
            "time_sleep.wait_for_rg"
          ]
        }
      ]
    },
    {
      "module": "module.loadbalancer",
      "mode": "managed",
      "type": "azurerm_lb_probe",
      "name": "http",
      "provider": "provider[\"registry.terraform.io/hashicorp/azurerm\"]",
      "instances": [
        {
          "schema_version": 0,
          "attributes": {
            "id": "/subscriptions/e6785bee-d87a-4b37-b531-8716d5040959/resourceGroups/Resourcegroup/providers/Microsoft.Network/loadBalancers/db-loadbalancer/probes/http-probe",
            "interval_in_seconds": 15,
            "load_balancer_rules": [],
            "loadbalancer_id": "/subscriptions/e6785bee-d87a-4b37-b531-8716d5040959/resourceGroups/Resourcegroup/providers/Microsoft.Network/loadBalancers/db-loadbalancer",
            "name": "http-probe",
            "number_of_probes": 2,
            "port": 3306,
            "protocol": "Tcp",
            "request_path": "",
            "resource_group_name": "Resourcegroup",
            "timeouts": null
          },
          "sensitive_attributes": [],
          "private": "eyJlMmJmYjczMC1lY2FhLTExZTYtOGY4OC0zNDM2M2JjN2M0YzAiOnsiY3JlYXRlIjoxODAwMDAwMDAwMDAwLCJkZWxldGUiOjE4MDAwMDAwMDAwMDAsInJlYWQiOjMwMDAwMDAwMDAwMCwidXBkYXRlIjoxODAwMDAwMDAwMDAwfX0=",
          "dependencies": [
            "azurerm_resource_group.main",
            "module.Network.azurerm_subnet.subnet",
            "module.Network.azurerm_virtual_network.main",
            "module.loadbalancer.azurerm_lb.main",
            "time_sleep.wait_for_rg"
          ]
        }
      ]
    },
    {
      "module": "module.loadbalancer",
      "mode": "managed",
      "type": "azurerm_lb_rule",
      "name": "http",
      "provider": "provider[\"registry.terraform.io/hashicorp/azurerm\"]",
      "instances": [
        {
          "schema_version": 0,
          "attributes": {
            "backend_address_pool_id": "/subscriptions/e6785bee-d87a-4b37-b531-8716d5040959/resourceGroups/Resourcegroup/providers/Microsoft.Network/loadBalancers/db-loadbalancer/backendAddressPools/backend-pool",
            "backend_address_pool_ids": [
              "/subscriptions/e6785bee-d87a-4b37-b531-8716d5040959/resourceGroups/Resourcegroup/providers/Microsoft.Network/loadBalancers/db-loadbalancer/backendAddressPools/backend-pool"
            ],
            "backend_port": 3306,
            "disable_outbound_snat": false,
            "enable_floating_ip": false,
            "enable_tcp_reset": false,
            "frontend_ip_configuration_id": "/subscriptions/e6785bee-d87a-4b37-b531-8716d5040959/resourceGroups/Resourcegroup/providers/Microsoft.Network/loadBalancers/db-loadbalancer/frontendIPConfigurations/frontendConfig",
            "frontend_ip_configuration_name": "frontendConfig",
            "frontend_port": 3306,
            "id": "/subscriptions/e6785bee-d87a-4b37-b531-8716d5040959/resourceGroups/Resourcegroup/providers/Microsoft.Network/loadBalancers/db-loadbalancer/loadBalancingRules/http-rule",
            "idle_timeout_in_minutes": 4,
            "load_distribution": "Default",
            "loadbalancer_id": "/subscriptions/e6785bee-d87a-4b37-b531-8716d5040959/resourceGroups/Resourcegroup/providers/Microsoft.Network/loadBalancers/db-loadbalancer",
            "name": "http-rule",
            "probe_id": "/subscriptions/e6785bee-d87a-4b37-b531-8716d5040959/resourceGroups/Resourcegroup/providers/Microsoft.Network/loadBalancers/db-loadbalancer/probes/http-probe",
            "protocol": "Tcp",
            "resource_group_name": "Resourcegroup",
            "timeouts": null
          },
          "sensitive_attributes": [],
          "private": "eyJlMmJmYjczMC1lY2FhLTExZTYtOGY4OC0zNDM2M2JjN2M0YzAiOnsiY3JlYXRlIjoxODAwMDAwMDAwMDAwLCJkZWxldGUiOjE4MDAwMDAwMDAwMDAsInJlYWQiOjMwMDAwMDAwMDAwMCwidXBkYXRlIjoxODAwMDAwMDAwMDAwfX0=",
          "dependencies": [
            "azurerm_resource_group.main",
            "module.Network.azurerm_subnet.subnet",
            "module.Network.azurerm_virtual_network.main",
            "module.loadbalancer.azurerm_lb.main",
            "module.loadbalancer.azurerm_lb_backend_address_pool.backend",
            "module.loadbalancer.azurerm_lb_probe.http",
            "time_sleep.wait_for_rg"
          ]
        }
      ]
    }
  ],
  "check_results": null
}
